// !$*UTF8*$!
{
	archiveVersion = 1;
	classes = {
	};
	objectVersion = 56;
	objects = {

/* Begin PBXBuildFile section */
		CE09164C2F31E39100B1AB02 /* DroidConnectApp.swift in Sources */ = {isa = PBXBuildFile; fileRef = CE09164B2F31E39100B1AB02 /* DroidConnectApp.swift */; };
		CE09164E2F31E39100B1AB02 /* ContentView.swift in Sources */ = {isa = PBXBuildFile; fileRef = CE09164D2F31E39100B1AB02 /* ContentView.swift */; };
		CE0916502F31E39100B1AB02 /* Assets.xcassets in Resources */ = {isa = PBXBuildFile; fileRef = CE09164F2F31E39100B1AB02 /* Assets.xcassets */; };
		CE0916522F31E39100B1AB02 /* index.html in Resources */ = {isa = PBXBuildFile; fileRef = CE0916512F31E39100B1AB02 /* index.html */; };
		CE0916802F31E39200B1AB02 /* adb in Resources */ = {isa = PBXBuildFile; fileRef = CE0916812F31E39200B1AB02 /* adb */; };
		CE0916842F31E39200B1AB02 /* scrcpy in Resources */ = {isa = PBXBuildFile; fileRef = CE0916852F31E39200B1AB02 /* scrcpy */; };
		CE0916902F31E39200B1AB02 /* ADBService.swift in Sources */ = {isa = PBXBuildFile; fileRef = CE0916912F31E39200B1AB02 /* ADBService.swift */; };
/* End PBXBuildFile section */

/* Begin PBXFileReference section */
		CE0916492F31E39100B1AB02 /* DroidConnect.app */ = {isa = PBXFileReference; explicitFileType = wrapper.application; includeInIndex = 0; path = DroidConnect.app; sourceTree = BUILT_PRODUCTS_DIR; };
		CE09164B2F31E39100B1AB02 /* DroidConnectApp.swift */ = {isa = PBXFileReference; lastKnownFileType = sourcecode.swift; path = DroidConnectApp.swift; sourceTree = "<group>"; };
		CE09164D2F31E39100B1AB02 /* ContentView.swift */ = {isa = PBXFileReference; lastKnownFileType = sourcecode.swift; path = ContentView.swift; sourceTree = "<group>"; };
		CE09164F2F31E39100B1AB02 /* Assets.xcassets */ = {isa = PBXFileReference; lastKnownFileType = folder.assetcatalog; path = Assets.xcassets; sourceTree = "<group>"; };
		CE0916512F31E39100B1AB02 /* index.html */ = {isa = PBXFileReference; lastKnownFileType = text.html; path = index.html; sourceTree = "<group>"; };
		CE0916772F31E39200B1AB02 /* DroidConnectApp.entitlements */ = {isa = PBXFileReference; lastKnownFileType = text.plist.entitlements; path = DroidConnectApp.entitlements; sourceTree = "<group>"; };
		CE0916812F31E39200B1AB02 /* adb */ = {isa = PBXFileReference; lastKnownFileType = "compiled.mach-o.executable"; name = adb; path = Resources/Binaries/adb; sourceTree = "<group>"; };
		CE0916852F31E39200B1AB02 /* scrcpy */ = {isa = PBXFileReference; lastKnownFileType = "compiled.mach-o.executable"; name = scrcpy; path = Resources/Binaries/scrcpy; sourceTree = "<group>"; };
		CE0916912F31E39200B1AB02 /* ADBService.swift */ = {isa = PBXFileReference; lastKnownFileType = sourcecode.swift; path = ADBService.swift; sourceTree = "<group>"; };
/* End PBXFileReference section */

/* Begin PBXFrameworksBuildPhase section */
		CE0916462F31E39100B1AB02 /* Frameworks */ = {
			isa = PBXFrameworksBuildPhase;
			buildActionMask = 2147483647;
			files = (
			);
			runOnlyForDeploymentPostprocessing = 0;
		};
/* End PBXFrameworksBuildPhase section */

/* Begin PBXGroup section */
		CE0916402F31E39100B1AB02 = {
			isa = PBXGroup;
			children = (
				CE09164A2F31E39100B1AB02 /* DroidConnectApp */,
				CE09164A5F31E39100B1AB02 /* Products */,
			);
			sourceTree = "<group>";
		};
		CE09164A2F31E39100B1AB02 /* DroidConnectApp */ = {
			isa = PBXGroup;
			children = (
				CE09164B2F31E39100B1AB02 /* DroidConnectApp.swift */,
				CE09164D2F31E39100B1AB02 /* ContentView.swift */,
				CE09164F2F31E39100B1AB02 /* Assets.xcassets */,
				CE0916512F31E39100B1AB02 /* index.html */,
				CE0916772F31E39200B1AB02 /* DroidConnectApp.entitlements */,
				CE0916822F31E39200B1AB02 /* Resources */,
				CE0916912F31E39200B1AB02 /* ADBService.swift */,
			);
			path = DroidConnectApp;
			sourceTree = "<group>";
		};
		CE09164A5F31E39100B1AB02 /* Products */ = {
			isa = PBXGroup;
			children = (
				CE0916492F31E39100B1AB02 /* DroidConnect.app */,
			);
			name = Products;
			sourceTree = "<group>";
		};
		CE0916822F31E39200B1AB02 /* Resources */ = {
			isa = PBXGroup;
			children = (
				CE0916832F31E39200B1AB02 /* Binaries */,
			);
			name = Resources;
			sourceTree = "<group>";
		};
		CE0916832F31E39200B1AB02 /* Binaries */ = {
			isa = PBXGroup;
			children = (
				CE0916812F31E39200B1AB02 /* adb */,
				CE0916852F31E39200B1AB02 /* scrcpy */,
			);
			name = Binaries;
			sourceTree = "<group>";
		};
/* End PBXGroup section */

/* Begin PBXNativeTarget section */
		CE0916482F31E39100B1AB02 /* DroidConnectApp */ = {
			isa = PBXNativeTarget;
			buildConfigurationList = CE09166E2F31E39200B1AB02 /* Build configuration list for PBXNativeTarget "DroidConnectApp" */;
			buildPhases = (
				CE0916452F31E39100B1AB02 /* Sources */,
				CE0916462F31E39100B1AB02 /* Frameworks */,
				CE0916472F31E39100B1AB02 /* Resources */,
				CE0916952F31E39200B1AB02 /* Sign Bundled Binaries */,
			);
			buildRules = (
			);
			dependencies = (
			);
			name = DroidConnectApp;
			productName = DroidConnectApp;
			productReference = CE0916492F31E39100B1AB02 /* DroidConnect.app */;
			productType = "com.apple.product-type.application";
		};
/* End PBXNativeTarget section */

/* Begin PBXProject section */
		CE0916412F31E39100B1AB02 /* Project object */ = {
			isa = PBXProject;
			attributes = {
				BuildIndependentTargetsInParallel = 1;
				LastSwiftUpdateCheck = 1500;
				LastUpgradeCheck = 2620;
				TargetAttributes = {
					CE0916482F31E39100B1AB02 = {
						CreatedOnToolsVersion = 15.1;
						SystemCapabilities = {
							com.apple.Sandbox = {
								enabled = 1;
							};
						};
					};
				};
			};
			buildConfigurationList = CE0916442F31E39100B1AB02 /* Build configuration list for PBXProject "DroidConnectApp" */;
			compatibilityVersion = "Xcode 14.0";
			developmentRegion = en;
			hasScannedForEncodings = 0;
			knownRegions = (
				en,
				Base,
			);
			mainGroup = CE0916402F31E39100B1AB02;
			productRefGroup = CE09164A5F31E39100B1AB02 /* Products */;
			projectDirPath = "";
			projectRoot = "";
			targets = (
				CE0916482F31E39100B1AB02 /* DroidConnectApp */,
			);
		};
/* End PBXProject section */

/* Begin PBXResourcesBuildPhase section */
		CE0916472F31E39100B1AB02 /* Resources */ = {
			isa = PBXResourcesBuildPhase;
			buildActionMask = 2147483647;
			files = (
				CE0916502F31E39100B1AB02 /* Assets.xcassets in Resources */,
				CE0916522F31E39100B1AB02 /* index.html in Resources */,
				CE0916802F31E39200B1AB02 /* adb in Resources */,
				CE0916842F31E39200B1AB02 /* scrcpy in Resources */,
			);
			runOnlyForDeploymentPostprocessing = 0;
		};
/* End PBXResourcesBuildPhase section */

/* Begin PBXSourcesBuildPhase section */
		CE0916452F31E39100B1AB02 /* Sources */ = {
			isa = PBXSourcesBuildPhase;
			buildActionMask = 2147483647;
			files = (
				CE09164C2F31E39100B1AB02 /* DroidConnectApp.swift in Sources */,
				CE0916902F31E39200B1AB02 /* ADBService.swift in Sources */,
				CE09164E2F31E39100B1AB02 /* ContentView.swift in Sources */,
			);
			runOnlyForDeploymentPostprocessing = 0;
		};
/* End PBXSourcesBuildPhase section */

/* Begin PBXShellScriptBuildPhase section */
		CE0916952F31E39200B1AB02 /* Sign Bundled Binaries */ = {
			isa = PBXShellScriptBuildPhase;
			buildActionMask = 2147483647;
			files = (
			);
			inputFileListPaths = (
			);
			inputPaths = (
				"$(PROJECT_DIR)/DroidConnectApp/child.entitlements",
				"$(BUILT_PRODUCTS_DIR)/$(CONTENTS_FOLDER_PATH)/Resources/adb",
				"$(BUILT_PRODUCTS_DIR)/$(CONTENTS_FOLDER_PATH)/Resources/scrcpy",
			);
			name = "Sign Bundled Binaries";
			outputFileListPaths = (
			);
			outputPaths = (
			);
			runOnlyForDeploymentPostprocessing = 0;
			shellPath = /bin/sh;
			shellScript = "# Sign the bundled binaries with the App Sandbox entitlement\nENTITLEMENTS=\"${PROJECT_DIR}/DroidConnectApp/child.entitlements\"\nSIGNATURE=\"${EXPANDED_CODE_SIGN_IDENTITY}\"\n\nif [ -z \"${SIGNATURE}\" ]; then\n  SIGNATURE=\"${CODE_SIGN_IDENTITY}\"\nfi\n\nif [ -z \"${SIGNATURE}\" ]; then\n  SIGNATURE=\"-\"\nfi\n\n# Construct the full path to the binaries\nBIN_DIR=\"${BUILT_PRODUCTS_DIR}/${CONTENTS_FOLDER_PATH}/Resources\"\nADB_PATH=\"${BIN_DIR}/adb\"\nSCRCPY_PATH=\"${BIN_DIR}/scrcpy\"\n\necho \"Signing binaries with identity: ${SIGNATURE}\"\necho \"Checking for binaries at: ${BIN_DIR}\"\n\nif [ ! -f \"${ADB_PATH}\" ]; then\n  echo \"Error: adb not found at ${ADB_PATH}\"\n  exit 1\nfi\n\nif [ ! -f \"${SCRCPY_PATH}\" ]; then\n  echo \"Error: scrcpy not found at ${SCRCPY_PATH}\"\n  exit 1\nfi\n\nchmod +w \"${ADB_PATH}\"\nchmod +w \"${SCRCPY_PATH}\"\n\ncodesign --force --options runtime --entitlements \"${ENTITLEMENTS}\" --sign \"${SIGNATURE}\" \"${ADB_PATH}\"\ncodesign --force --options runtime --entitlements \"${ENTITLEMENTS}\" --sign \"${SIGNATURE}\" \"${SCRCPY_PATH}\"\n";
		};
/* End PBXShellScriptBuildPhase section */


/* Begin XCBuildConfiguration section */
		CE09166A2F31E39200B1AB02 /* Debug */ = {
			isa = XCBuildConfiguration;
			buildSettings = {
				ALWAYS_SEARCH_USER_PATHS = NO;
				CLANG_ANALYZER_NONNULL = YES;
				CLANG_CXX_LANGUAGE_STANDARD = "gnu++20";
				CLANG_ENABLE_MODULES = YES;
				CLANG_ENABLE_OBJC_ARC = YES;
				CLANG_ENABLE_OBJC_WEAK = YES;
				CLANG_WARN_BLOCK_CAPTURE_AUTORELEASING = YES;
				CLANG_WARN_BOOL_CONVERSION = YES;
				CLANG_WARN_COMMA = YES;
				CLANG_WARN_CONSTANT_CONVERSION = YES;
				CLANG_WARN_DEPRECATED_OBJC_IMPLEMENTATIONS = YES;
				CLANG_WARN_DIRECT_OBJC_ISA_USAGE = YES_ERROR;
				CLANG_WARN_DOCUMENTATION_COMMENTS = YES;
				CLANG_WARN_EMPTY_BODY = YES;
				CLANG_WARN_ENUM_CONVERSION = YES;
				CLANG_WARN_INFINITE_RECURSION = YES;
				CLANG_WARN_INT_CONVERSION = YES;
				CLANG_WARN_NON_LITERAL_NULL_CONVERSION = YES;
				CLANG_WARN_OBJC_IMPLICIT_RETAIN_SELF = YES;
				CLANG_WARN_OBJC_LITERAL_CONVERSION = YES;
				CLANG_WARN_OBJC_ROOT_CLASS = YES_ERROR;
				CLANG_WARN_QUOTED_INCLUDE_IN_FRAMEWORK_HEADER = YES;
				CLANG_WARN_RANGE_LOOP_ANALYSIS = YES;
				CLANG_WARN_STRICT_PROTOTYPES = YES;
				CLANG_WARN_SUSPICIOUS_MOVE = YES;
				CLANG_WARN_UNGUARDED_AVAILABILITY = YES_AGGRESSIVE;
				CLANG_WARN_UNREACHABLE_CODE = YES;
				CLANG_WARN__DUPLICATE_METHOD_MATCH = YES;
				COPY_PHASE_STRIP = NO;
				CURRENT_PROJECT_VERSION = 1;
				DEAD_CODE_STRIPPING = YES;
				DEBUG_INFORMATION_FORMAT = dwarf;
				DEVELOPMENT_TEAM = M9NL4PJ9AL;
				ENABLE_STRICT_OBJC_MSGSEND = YES;
				ENABLE_TESTABILITY = YES;
				ENABLE_USER_SCRIPT_SANDBOXING = YES;
				GCC_C_LANGUAGE_STANDARD = gnu17;
				GCC_DYNAMIC_NO_PIC = NO;
				GCC_NO_COMMON_BLOCKS = YES;
				GCC_OPTIMIZATION_LEVEL = 0;
				GCC_PREPROCESSOR_DEFINITIONS = (
					"DEBUG=1",
					"$(inherited)",
				);
				GCC_WARN_64_TO_32_BIT_CONVERSION = YES;
				GCC_WARN_ABOUT_RETURN_TYPE = YES_ERROR;
				GCC_WARN_UNDECLARED_SELECTOR = YES;
				GCC_WARN_UNINITIALIZED_AUTOS = YES_AGGRESSIVE;
				GCC_WARN_UNUSED_FUNCTION = YES;
				GCC_WARN_UNUSED_VARIABLE = YES;
				MACOSX_DEPLOYMENT_TARGET = 14.0;
				MARKETING_VERSION = 1.0;
				MTL_ENABLE_DEBUG_INFO = INCLUDE_SOURCE;
				MTL_FAST_MATH = YES;
				ONLY_ACTIVE_ARCH = YES;
				SDKROOT = macosx;
				STRING_CATALOG_GENERATE_SYMBOLS = YES;
				SWIFT_ACTIVE_COMPILATION_CONDITIONS = DEBUG;
				SWIFT_OPTIMIZATION_LEVEL = "-Onone";
			};
			name = Debug;
		};
		CE09166B2F31E39200B1AB02 /* Release */ = {
			isa = XCBuildConfiguration;
			buildSettings = {
				ALWAYS_SEARCH_USER_PATHS = NO;
				CLANG_ANALYZER_NONNULL = YES;
				CLANG_CXX_LANGUAGE_STANDARD = "gnu++20";
				CLANG_ENABLE_MODULES = YES;
				CLANG_ENABLE_OBJC_ARC = YES;
				CLANG_ENABLE_OBJC_WEAK = YES;
				CLANG_WARN_BLOCK_CAPTURE_AUTORELEASING = YES;
				CLANG_WARN_BOOL_CONVERSION = YES;
				CLANG_WARN_COMMA = YES;
				CLANG_WARN_CONSTANT_CONVERSION = YES;
				CLANG_WARN_DEPRECATED_OBJC_IMPLEMENTATIONS = YES;
				CLANG_WARN_DIRECT_OBJC_ISA_USAGE = YES_ERROR;
				CLANG_WARN_DOCUMENTATION_COMMENTS = YES;
				CLANG_WARN_EMPTY_BODY = YES;
				CLANG_WARN_ENUM_CONVERSION = YES;
				CLANG_WARN_INFINITE_RECURSION = YES;
				CLANG_WARN_INT_CONVERSION = YES;
				CLANG_WARN_NON_LITERAL_NULL_CONVERSION = YES;
				CLANG_WARN_OBJC_IMPLICIT_RETAIN_SELF = YES;
				CLANG_WARN_OBJC_LITERAL_CONVERSION = YES;
				CLANG_WARN_OBJC_ROOT_CLASS = YES_ERROR;
				CLANG_WARN_QUOTED_INCLUDE_IN_FRAMEWORK_HEADER = YES;
				CLANG_WARN_RANGE_LOOP_ANALYSIS = YES;
				CLANG_WARN_STRICT_PROTOTYPES = YES;
				CLANG_WARN_SUSPICIOUS_MOVE = YES;
				CLANG_WARN_UNGUARDED_AVAILABILITY = YES_AGGRESSIVE;
				CLANG_WARN_UNREACHABLE_CODE = YES;
				CLANG_WARN__DUPLICATE_METHOD_MATCH = YES;
				COPY_PHASE_STRIP = NO;
				CURRENT_PROJECT_VERSION = 1;
				DEAD_CODE_STRIPPING = YES;
				DEBUG_INFORMATION_FORMAT = "dwarf-with-dsym";
				DEVELOPMENT_TEAM = M9NL4PJ9AL;
				ENABLE_NS_ASSERTIONS = NO;
				ENABLE_STRICT_OBJC_MSGSEND = YES;
				ENABLE_USER_SCRIPT_SANDBOXING = YES;
				GCC_C_LANGUAGE_STANDARD = gnu17;
				GCC_NO_COMMON_BLOCKS = YES;
				GCC_WARN_64_TO_32_BIT_CONVERSION = YES;
				GCC_WARN_ABOUT_RETURN_TYPE = YES_ERROR;
				GCC_WARN_UNDECLARED_SELECTOR = YES;
				GCC_WARN_UNINITIALIZED_AUTOS = YES_AGGRESSIVE;
				GCC_WARN_UNUSED_FUNCTION = YES;
				GCC_WARN_UNUSED_VARIABLE = YES;
				MACOSX_DEPLOYMENT_TARGET = 14.0;
				MARKETING_VERSION = 1.0;
				MTL_ENABLE_DEBUG_INFO = NO;
				MTL_FAST_MATH = YES;
				SDKROOT = macosx;
				STRING_CATALOG_GENERATE_SYMBOLS = YES;
				SWIFT_COMPILATION_MODE = wholemodule;
				SWIFT_OPTIMIZATION_LEVEL = "-O";
			};
			name = Release;
		};
		CE09166C2F31E39200B1AB02 /* Debug */ = {
			isa = XCBuildConfiguration;
			buildSettings = {
				ASSETCATALOG_COMPILER_APPICON_NAME = AppIcon;
				CODE_SIGN_ENTITLEMENTS = DroidConnectApp/DroidConnectApp.entitlements;
				"CODE_SIGN_IDENTITY[sdk=macosx*]" = "Apple Development";
				CODE_SIGN_STYLE = Automatic;
				COMBINE_HIDPI_IMAGES = YES;
				DEAD_CODE_STRIPPING = YES;
				DEVELOPMENT_TEAM = M9NL4PJ9AL;
				ENABLE_APP_SANDBOX = YES;
				ENABLE_HARDENED_RUNTIME = YES;
				ENABLE_INCOMING_NETWORK_CONNECTIONS = NO;
				ENABLE_OUTGOING_NETWORK_CONNECTIONS = YES;
				GENERATE_INFOPLIST_FILE = YES;
				INFOPLIST_KEY_CFBundleDisplayName = DroidConnect;
				INFOPLIST_KEY_CFBundleShortVersionString = 1.0;
				INFOPLIST_KEY_CFBundleVersion = 1;
				INFOPLIST_KEY_LSApplicationCategoryType = "public.app-category.utilities";
				INFOPLIST_KEY_NSHumanReadableCopyright = "";
				LD_RUNPATH_SEARCH_PATHS = (
					"$(inherited)",
					"@executable_path/../Frameworks",
				);
				MACOSX_DEPLOYMENT_TARGET = 14.0;
				PRODUCT_BUNDLE_IDENTIFIER = "Bitforge-Labs.DroidConnect";
				PRODUCT_NAME = DroidConnect;
				SWIFT_VERSION = 5.0;
			};
			name = Debug;
		};
		CE09166D2F31E39200B1AB02 /* Release */ = {
			isa = XCBuildConfiguration;
			buildSettings = {
				ASSETCATALOG_COMPILER_APPICON_NAME = AppIcon;
				CODE_SIGN_ENTITLEMENTS = DroidConnectApp/DroidConnectApp.entitlements;
				"CODE_SIGN_IDENTITY[sdk=macosx*]" = "Apple Development";
				CODE_SIGN_STYLE = Automatic;
				COMBINE_HIDPI_IMAGES = YES;
				DEAD_CODE_STRIPPING = YES;
				DEVELOPMENT_TEAM = M9NL4PJ9AL;
				ENABLE_APP_SANDBOX = YES;
				ENABLE_HARDENED_RUNTIME = YES;
				ENABLE_INCOMING_NETWORK_CONNECTIONS = NO;
				ENABLE_OUTGOING_NETWORK_CONNECTIONS = YES;
				GENERATE_INFOPLIST_FILE = YES;
				INFOPLIST_KEY_CFBundleDisplayName = DroidConnect;
				INFOPLIST_KEY_CFBundleShortVersionString = 1.0;
				INFOPLIST_KEY_CFBundleVersion = 1;
				INFOPLIST_KEY_LSApplicationCategoryType = "public.app-category.utilities";
				INFOPLIST_KEY_NSHumanReadableCopyright = "";
				LD_RUNPATH_SEARCH_PATHS = (
					"$(inherited)",
					"@executable_path/../Frameworks",
				);
				MACOSX_DEPLOYMENT_TARGET = 14.0;
				PRODUCT_BUNDLE_IDENTIFIER = "Bitforge-Labs.DroidConnect";
				PRODUCT_NAME = "$(TARGET_NAME)";
				SWIFT_VERSION = 5.0;
			};
			name = Release;
		};
/* End XCBuildConfiguration section */

/* Begin XCConfigurationList section */
		CE0916442F31E39100B1AB02 /* Build configuration list for PBXProject "DroidConnectApp" */ = {
			isa = XCConfigurationList;
			buildConfigurations = (
				CE09166A2F31E39200B1AB02 /* Debug */,
				CE09166B2F31E39200B1AB02 /* Release */,
			);
			defaultConfigurationIsVisible = 0;
			defaultConfigurationName = Release;
		};
		CE09166E2F31E39200B1AB02 /* Build configuration list for PBXNativeTarget "DroidConnectApp" */ = {
			isa = XCConfigurationList;
			buildConfigurations = (
				CE09166C2F31E39200B1AB02 /* Debug */,
				CE09166D2F31E39200B1AB02 /* Release */,
			);
			defaultConfigurationIsVisible = 0;
			defaultConfigurationName = Release;
		};
/* End XCConfigurationList section */
	};
	rootObject = CE0916412F31E39100B1AB02 /* Project object */;
}
